
Microsoft Visual Studio Solution File, Format Version 12.00
# Visual Studio 2012
Project("{8BC9CEB8-8B4A-11D0-8D11-00A0C91BC942}") = "DS-OOP project", "DS-OOP project\DS-OOP project.vcxproj", "{8FAA8F6A-7632-47F7-ACE2-A6197207E878}"
EndProject
Global
	GlobalSection(SolutionConfigurationPlatforms) = preSolution
		Debug|Win32 = Debug|Win32
		Release|Win32 = Release|Win32
	EndGlobalSection
	GlobalSection(ProjectConfigurationPlatforms) = postSolution
		{8FAA8F6A-7632-47F7-ACE2-A6197207E878}.Debug|Win32.ActiveCfg = Debug|Win32
		{8FAA8F6A-7632-47F7-ACE2-A6197207E878}.Debug|Win32.Build.0 = Debug|Win32
		{8FAA8F6A-7632-47F7-ACE2-A6197207E878}.Release|Win32.ActiveCfg = Release|Win32
		{8FAA8F6A-7632-47F7-ACE2-A6197207E878}.Release|Win32.Build.0 = Release|Win32
	EndGlobalSection
	GlobalSection(SolutionProperties) = preSolution
		HideSolutionNode = FALSE
	EndGlobalSection
EndGlobal
